
Microsoft Visual Studio Solution File, Format Version 12.00
# Visual Studio Version 17
VisualStudioVersion = 17.14.36511.14
MinimumVisualStudioVersion = 10.0.40219.1
Project("{2150E333-8FDC-42A3-9474-1A3956D46DE8}") = "Task0", "Task0", "{02EA681E-C7D8-13C7-8484-4AC65E1B71E8}"
EndProject
Project("{FAE04EC0-301F-11D3-BF4B-00C04F79EFBC}") = "Tyuiu.BubenkoLG.Sprint4.Task0.V12", "Tyuiu.BubenkoLG.Sprint4.Task0.V12\Tyuiu.BubenkoLG.Sprint4.Task0.V12.csproj", "{50824212-8163-435C-AF7A-ED1E74066BBD}"
EndProject
Project("{FAE04EC0-301F-11D3-BF4B-00C04F79EFBC}") = "Tyuiu.BubenkoLG.Sprint4.Task0.V12.Lib", "Tyuiu.BubenkoLG.Sprint4.Task0.V12.Lib\Tyuiu.BubenkoLG.Sprint4.Task0.V12.Lib.csproj", "{71C6E283-086D-4B27-AAC2-3611DDA14190}"
EndProject
Project("{FAE04EC0-301F-11D3-BF4B-00C04F79EFBC}") = "Tyuiu.BubenkoLG.Sprint4.Task0.V12.Test", "Tyuiu.BubenkoLG.Sprint4.Task0.V12.Test\Tyuiu.BubenkoLG.Sprint4.Task0.V12.Test.csproj", "{DAD44FE8-C81F-432A-90A6-2604DF23ADD6}"
EndProject
Project("{2150E333-8FDC-42A3-9474-1A3956D46DE8}") = "Task1", "Task1", "{51E2CDC7-63DB-4738-871A-3B7920BCA725}"
EndProject
Project("{FAE04EC0-301F-11D3-BF4B-00C04F79EFBC}") = "Tyuiu.BubenkoLG.Sprint4.Task1.V29", "Tyuiu.BubenkoLG.Sprint4.Task1.V29\Tyuiu.BubenkoLG.Sprint4.Task1.V29.csproj", "{0D0DA210-4E93-49E5-A858-421D7C46D8CF}"
EndProject
Project("{FAE04EC0-301F-11D3-BF4B-00C04F79EFBC}") = "Tyuiu.BubenkoLG.Sprint4.Task1.V29.Lib", "Tyuiu.BubenkoLG.Sprint4.Task1.V29.Lib\Tyuiu.BubenkoLG.Sprint4.Task1.V29.Lib.csproj", "{32DB09C8-D9B8-4A01-8A76-9C17F5585BBB}"
EndProject
Project("{FAE04EC0-301F-11D3-BF4B-00C04F79EFBC}") = "Tyuiu.BubenkoLG.Sprint4.Task1.V29.Test", "Tyuiu.BubenkoLG.Sprint4.Task1.V29.Test\Tyuiu.BubenkoLG.Sprint4.Task1.V29.Test.csproj", "{EDCDCEAB-BFDB-4CA8-8732-B101E438A704}"
EndProject
Project("{2150E333-8FDC-42A3-9474-1A3956D46DE8}") = "Task2", "Task2", "{42AC6CBC-A49E-43A9-8BE0-2D628239A1FF}"
EndProject
Project("{FAE04EC0-301F-11D3-BF4B-00C04F79EFBC}") = "Tyuiu.BubenkoLG.Sprint4.Task2.V5", "Tyuiu.BubenkoLG.Sprint4.Task2.V5\Tyuiu.BubenkoLG.Sprint4.Task2.V5.csproj", "{51D06C10-C3E7-4FD0-A76A-F542612E819A}"
EndProject
Project("{FAE04EC0-301F-11D3-BF4B-00C04F79EFBC}") = "Tyuiu.BubenkoLG.Sprint4.Task2.V5.Lib", "Tyuiu.BubenkoLG.Sprint4.Task2.V5.Lib\Tyuiu.BubenkoLG.Sprint4.Task2.V5.Lib.csproj", "{3F6C1D5A-B3E2-4E83-908F-A2CA6AB9F916}"
EndProject
Project("{FAE04EC0-301F-11D3-BF4B-00C04F79EFBC}") = "Tyuiu.BubenkoLG.Sprint4.Task2.V5.Test", "Tyuiu.BubenkoLG.Sprint4.Task2.V5.Test\Tyuiu.BubenkoLG.Sprint4.Task2.V5.Test.csproj", "{A7F1F808-093E-40C0-8FB2-2C7FA66200E3}"
EndProject
Project("{2150E333-8FDC-42A3-9474-1A3956D46DE8}") = "Task3", "Task3", "{9467840B-25FC-4BED-9D42-E0C8AB7B8F92}"
EndProject
Project("{FAE04EC0-301F-11D3-BF4B-00C04F79EFBC}") = "Tyuiu.BubenkoLG.Sprint4.Task3.V26", "Tyuiu.BubenkoLG.Sprint4.Task3.V26\Tyuiu.BubenkoLG.Sprint4.Task3.V26.csproj", "{22AB6100-9D54-4811-8590-5A5E4027F65D}"
EndProject
Project("{FAE04EC0-301F-11D3-BF4B-00C04F79EFBC}") = "Tyuiu.BubenkoLG.Sprint4.Task3.V26.Lib", "Tyuiu.BubenkoLG.Sprint4.Task3.V26.Lib\Tyuiu.BubenkoLG.Sprint4.Task3.V26.Lib.csproj", "{1F3BA934-5A91-4440-9448-C5FB285BDCC7}"
EndProject
Project("{FAE04EC0-301F-11D3-BF4B-00C04F79EFBC}") = "Tyuiu.BubenkoLG.Sprint4.Task3.V26.Test", "Tyuiu.BubenkoLG.Sprint4.Task3.V26.Test\Tyuiu.BubenkoLG.Sprint4.Task3.V26.Test.csproj", "{06833991-4627-4AB5-BF54-47A78552B52F}"
EndProject
Project("{2150E333-8FDC-42A3-9474-1A3956D46DE8}") = "Task4", "Task4", "{5FAD12A1-3527-4B19-822D-3783D5EA61CC}"
EndProject
Project("{FAE04EC0-301F-11D3-BF4B-00C04F79EFBC}") = "Tyuiu.BubenkoLG.Sprint4.Task4.V2", "Tyuiu.BubenkoLG.Sprint4.Task4.V2\Tyuiu.BubenkoLG.Sprint4.Task4.V2.csproj", "{D93027B5-01CD-4341-AE1A-E27C5EA251A2}"
EndProject
Project("{FAE04EC0-301F-11D3-BF4B-00C04F79EFBC}") = "Tyuiu.BubenkoLG.Sprint4.Task4.V2.Lib", "Tyuiu.BubenkoLG.Sprint4.Task4.V2.Lib\Tyuiu.BubenkoLG.Sprint4.Task4.V2.Lib.csproj", "{BD867544-509C-457E-B3D5-0FAF3E58321C}"
EndProject
Project("{FAE04EC0-301F-11D3-BF4B-00C04F79EFBC}") = "Tyuiu.BubenkoLG.Sprint4.Task4.V2.Test", "Tyuiu.BubenkoLG.Sprint4.Task4.V2.Test\Tyuiu.BubenkoLG.Sprint4.Task4.V2.Test.csproj", "{69A47B36-5766-42AA-AF39-CFC2168693F9}"
EndProject
Project("{2150E333-8FDC-42A3-9474-1A3956D46DE8}") = "Task5", "Task5", "{FC8023F2-9A25-41C7-B62B-F40E57AD6383}"
EndProject
Project("{FAE04EC0-301F-11D3-BF4B-00C04F79EFBC}") = "Tyuiu.BubenkoLG.Sprint4.Task5.V23", "Tyuiu.BubenkoLG.Sprint4.Task5.V23\Tyuiu.BubenkoLG.Sprint4.Task5.V23.csproj", "{CB6E33E4-49A7-4F85-AD38-3B641D23C826}"
EndProject
Project("{FAE04EC0-301F-11D3-BF4B-00C04F79EFBC}") = "Tyuiu.BubenkoLG.Sprint4.Task5.V23.Lib", "Tyuiu.BubenkoLG.Sprint4.Task5.V23.Lib\Tyuiu.BubenkoLG.Sprint4.Task5.V23.Lib.csproj", "{28EB2A53-36DC-4308-B4CC-129171A1F142}"
EndProject
Project("{FAE04EC0-301F-11D3-BF4B-00C04F79EFBC}") = "Tyuiu.BubenkoLG.Sprint4.Task5.V23.Test", "Tyuiu.BubenkoLG.Sprint4.Task5.V23.Test\Tyuiu.BubenkoLG.Sprint4.Task5.V23.Test.csproj", "{CB6DB51F-253E-4614-BFF5-1D99EDBF57AD}"
EndProject
Project("{2150E333-8FDC-42A3-9474-1A3956D46DE8}") = "Task6", "Task6", "{05187EFC-C561-434E-908B-F5CF7FADA2C8}"
EndProject
Project("{FAE04EC0-301F-11D3-BF4B-00C04F79EFBC}") = "Tyuiu.BubenkoLG.Sprint4.Task6.V3", "Tyuiu.BubenkoLG.Sprint4.Task6.V3\Tyuiu.BubenkoLG.Sprint4.Task6.V3.csproj", "{B8009D5B-1F16-4A6F-8907-048586717D0A}"
EndProject
Project("{FAE04EC0-301F-11D3-BF4B-00C04F79EFBC}") = "Tyuiu.BubenkoLG.Sprint4.Task6.V3.Lib", "Tyuiu.BubenkoLG.Sprint4.Task6.V3.Lib\Tyuiu.BubenkoLG.Sprint4.Task6.V3.Lib.csproj", "{BB833003-32BF-495F-ADA7-C088697C75FF}"
EndProject
Project("{FAE04EC0-301F-11D3-BF4B-00C04F79EFBC}") = "Tyuiu.BubenkoLG.Sprint4.Task6.V3.Test", "Tyuiu.BubenkoLG.Sprint4.Task6.V3.Test\Tyuiu.BubenkoLG.Sprint4.Task6.V3.Test.csproj", "{4228D393-293D-4B2C-B8DE-3219D0996C98}"
EndProject
Project("{2150E333-8FDC-42A3-9474-1A3956D46DE8}") = "Task7", "Task7", "{C71B178A-E68F-47D1-9BBC-9DFDF007D405}"
EndProject
Project("{FAE04EC0-301F-11D3-BF4B-00C04F79EFBC}") = "Tyuiu.BubenkoLG.Sprint4.Task7.V17", "Tyuiu.BubenkoLG.Sprint4.Task7.V17\Tyuiu.BubenkoLG.Sprint4.Task7.V17.csproj", "{C103C173-0C41-421E-B4EE-FFE9A30AC8EB}"
EndProject
Project("{FAE04EC0-301F-11D3-BF4B-00C04F79EFBC}") = "Tyuiu.BubenkoLG.Sprint4.Task7.V17.Lib", "Tyuiu.BubenkoLG.Sprint4.Task7.V17.Lib\Tyuiu.BubenkoLG.Sprint4.Task7.V17.Lib.csproj", "{EB479730-67F9-497C-AB9F-6408EA924B78}"
EndProject
Project("{FAE04EC0-301F-11D3-BF4B-00C04F79EFBC}") = "Tyuiu.BubenkoLG.Sprint4.Task7.V17.Test", "Tyuiu.BubenkoLG.Sprint4.Task7.V17.Test\Tyuiu.BubenkoLG.Sprint4.Task7.V17.Test.csproj", "{79F8538C-FCC4-491C-8FA1-FEA7134EBBE8}"
EndProject
Global
	GlobalSection(SolutionConfigurationPlatforms) = preSolution
		Debug|Any CPU = Debug|Any CPU
		Release|Any CPU = Release|Any CPU
	EndGlobalSection
	GlobalSection(ProjectConfigurationPlatforms) = postSolution
		{50824212-8163-435C-AF7A-ED1E74066BBD}.Debug|Any CPU.ActiveCfg = Debug|Any CPU
		{50824212-8163-435C-AF7A-ED1E74066BBD}.Debug|Any CPU.Build.0 = Debug|Any CPU
		{50824212-8163-435C-AF7A-ED1E74066BBD}.Release|Any CPU.ActiveCfg = Release|Any CPU
		{50824212-8163-435C-AF7A-ED1E74066BBD}.Release|Any CPU.Build.0 = Release|Any CPU
		{71C6E283-086D-4B27-AAC2-3611DDA14190}.Debug|Any CPU.ActiveCfg = Debug|Any CPU
		{71C6E283-086D-4B27-AAC2-3611DDA14190}.Debug|Any CPU.Build.0 = Debug|Any CPU
		{71C6E283-086D-4B27-AAC2-3611DDA14190}.Release|Any CPU.ActiveCfg = Release|Any CPU
		{71C6E283-086D-4B27-AAC2-3611DDA14190}.Release|Any CPU.Build.0 = Release|Any CPU
		{DAD44FE8-C81F-432A-90A6-2604DF23ADD6}.Debug|Any CPU.ActiveCfg = Debug|Any CPU
		{DAD44FE8-C81F-432A-90A6-2604DF23ADD6}.Debug|Any CPU.Build.0 = Debug|Any CPU
		{DAD44FE8-C81F-432A-90A6-2604DF23ADD6}.Release|Any CPU.ActiveCfg = Release|Any CPU
		{DAD44FE8-C81F-432A-90A6-2604DF23ADD6}.Release|Any CPU.Build.0 = Release|Any CPU
		{0D0DA210-4E93-49E5-A858-421D7C46D8CF}.Debug|Any CPU.ActiveCfg = Debug|Any CPU
		{0D0DA210-4E93-49E5-A858-421D7C46D8CF}.Debug|Any CPU.Build.0 = Debug|Any CPU
		{0D0DA210-4E93-49E5-A858-421D7C46D8CF}.Release|Any CPU.ActiveCfg = Release|Any CPU
		{0D0DA210-4E93-49E5-A858-421D7C46D8CF}.Release|Any CPU.Build.0 = Release|Any CPU
		{32DB09C8-D9B8-4A01-8A76-9C17F5585BBB}.Debug|Any CPU.ActiveCfg = Debug|Any CPU
		{32DB09C8-D9B8-4A01-8A76-9C17F5585BBB}.Debug|Any CPU.Build.0 = Debug|Any CPU
		{32DB09C8-D9B8-4A01-8A76-9C17F5585BBB}.Release|Any CPU.ActiveCfg = Release|Any CPU
		{32DB09C8-D9B8-4A01-8A76-9C17F5585BBB}.Release|Any CPU.Build.0 = Release|Any CPU
		{EDCDCEAB-BFDB-4CA8-8732-B101E438A704}.Debug|Any CPU.ActiveCfg = Debug|Any CPU
		{EDCDCEAB-BFDB-4CA8-8732-B101E438A704}.Debug|Any CPU.Build.0 = Debug|Any CPU
		{EDCDCEAB-BFDB-4CA8-8732-B101E438A704}.Release|Any CPU.ActiveCfg = Release|Any CPU
		{EDCDCEAB-BFDB-4CA8-8732-B101E438A704}.Release|Any CPU.Build.0 = Release|Any CPU
		{51D06C10-C3E7-4FD0-A76A-F542612E819A}.Debug|Any CPU.ActiveCfg = Debug|Any CPU
		{51D06C10-C3E7-4FD0-A76A-F542612E819A}.Debug|Any CPU.Build.0 = Debug|Any CPU
		{51D06C10-C3E7-4FD0-A76A-F542612E819A}.Release|Any CPU.ActiveCfg = Release|Any CPU
		{51D06C10-C3E7-4FD0-A76A-F542612E819A}.Release|Any CPU.Build.0 = Release|Any CPU
		{3F6C1D5A-B3E2-4E83-908F-A2CA6AB9F916}.Debug|Any CPU.ActiveCfg = Debug|Any CPU
		{3F6C1D5A-B3E2-4E83-908F-A2CA6AB9F916}.Debug|Any CPU.Build.0 = Debug|Any CPU
		{3F6C1D5A-B3E2-4E83-908F-A2CA6AB9F916}.Release|Any CPU.ActiveCfg = Release|Any CPU
		{3F6C1D5A-B3E2-4E83-908F-A2CA6AB9F916}.Release|Any CPU.Build.0 = Release|Any CPU
		{A7F1F808-093E-40C0-8FB2-2C7FA66200E3}.Debug|Any CPU.ActiveCfg = Debug|Any CPU
		{A7F1F808-093E-40C0-8FB2-2C7FA66200E3}.Debug|Any CPU.Build.0 = Debug|Any CPU
		{A7F1F808-093E-40C0-8FB2-2C7FA66200E3}.Release|Any CPU.ActiveCfg = Release|Any CPU
		{A7F1F808-093E-40C0-8FB2-2C7FA66200E3}.Release|Any CPU.Build.0 = Release|Any CPU
		{22AB6100-9D54-4811-8590-5A5E4027F65D}.Debug|Any CPU.ActiveCfg = Debug|Any CPU
		{22AB6100-9D54-4811-8590-5A5E4027F65D}.Debug|Any CPU.Build.0 = Debug|Any CPU
		{22AB6100-9D54-4811-8590-5A5E4027F65D}.Release|Any CPU.ActiveCfg = Release|Any CPU
		{22AB6100-9D54-4811-8590-5A5E4027F65D}.Release|Any CPU.Build.0 = Release|Any CPU
		{1F3BA934-5A91-4440-9448-C5FB285BDCC7}.Debug|Any CPU.ActiveCfg = Debug|Any CPU
		{1F3BA934-5A91-4440-9448-C5FB285BDCC7}.Debug|Any CPU.Build.0 = Debug|Any CPU
		{1F3BA934-5A91-4440-9448-C5FB285BDCC7}.Release|Any CPU.ActiveCfg = Release|Any CPU
		{1F3BA934-5A91-4440-9448-C5FB285BDCC7}.Release|Any CPU.Build.0 = Release|Any CPU
		{06833991-4627-4AB5-BF54-47A78552B52F}.Debug|Any CPU.ActiveCfg = Debug|Any CPU
		{06833991-4627-4AB5-BF54-47A78552B52F}.Debug|Any CPU.Build.0 = Debug|Any CPU
		{06833991-4627-4AB5-BF54-47A78552B52F}.Release|Any CPU.ActiveCfg = Release|Any CPU
		{06833991-4627-4AB5-BF54-47A78552B52F}.Release|Any CPU.Build.0 = Release|Any CPU
		{D93027B5-01CD-4341-AE1A-E27C5EA251A2}.Debug|Any CPU.ActiveCfg = Debug|Any CPU
		{D93027B5-01CD-4341-AE1A-E27C5EA251A2}.Debug|Any CPU.Build.0 = Debug|Any CPU
		{D93027B5-01CD-4341-AE1A-E27C5EA251A2}.Release|Any CPU.ActiveCfg = Release|Any CPU
		{D93027B5-01CD-4341-AE1A-E27C5EA251A2}.Release|Any CPU.Build.0 = Release|Any CPU
		{BD867544-509C-457E-B3D5-0FAF3E58321C}.Debug|Any CPU.ActiveCfg = Debug|Any CPU
		{BD867544-509C-457E-B3D5-0FAF3E58321C}.Debug|Any CPU.Build.0 = Debug|Any CPU
		{BD867544-509C-457E-B3D5-0FAF3E58321C}.Release|Any CPU.ActiveCfg = Release|Any CPU
		{BD867544-509C-457E-B3D5-0FAF3E58321C}.Release|Any CPU.Build.0 = Release|Any CPU
		{69A47B36-5766-42AA-AF39-CFC2168693F9}.Debug|Any CPU.ActiveCfg = Debug|Any CPU
		{69A47B36-5766-42AA-AF39-CFC2168693F9}.Debug|Any CPU.Build.0 = Debug|Any CPU
		{69A47B36-5766-42AA-AF39-CFC2168693F9}.Release|Any CPU.ActiveCfg = Release|Any CPU
		{69A47B36-5766-42AA-AF39-CFC2168693F9}.Release|Any CPU.Build.0 = Release|Any CPU
		{CB6E33E4-49A7-4F85-AD38-3B641D23C826}.Debug|Any CPU.ActiveCfg = Debug|Any CPU
		{CB6E33E4-49A7-4F85-AD38-3B641D23C826}.Debug|Any CPU.Build.0 = Debug|Any CPU
		{CB6E33E4-49A7-4F85-AD38-3B641D23C826}.Release|Any CPU.ActiveCfg = Release|Any CPU
		{CB6E33E4-49A7-4F85-AD38-3B641D23C826}.Release|Any CPU.Build.0 = Release|Any CPU
		{28EB2A53-36DC-4308-B4CC-129171A1F142}.Debug|Any CPU.ActiveCfg = Debug|Any CPU
		{28EB2A53-36DC-4308-B4CC-129171A1F142}.Debug|Any CPU.Build.0 = Debug|Any CPU
		{28EB2A53-36DC-4308-B4CC-129171A1F142}.Release|Any CPU.ActiveCfg = Release|Any CPU
		{28EB2A53-36DC-4308-B4CC-129171A1F142}.Release|Any CPU.Build.0 = Release|Any CPU
		{CB6DB51F-253E-4614-BFF5-1D99EDBF57AD}.Debug|Any CPU.ActiveCfg = Debug|Any CPU
		{CB6DB51F-253E-4614-BFF5-1D99EDBF57AD}.Debug|Any CPU.Build.0 = Debug|Any CPU
		{CB6DB51F-253E-4614-BFF5-1D99EDBF57AD}.Release|Any CPU.ActiveCfg = Release|Any CPU
		{CB6DB51F-253E-4614-BFF5-1D99EDBF57AD}.Release|Any CPU.Build.0 = Release|Any CPU
		{B8009D5B-1F16-4A6F-8907-048586717D0A}.Debug|Any CPU.ActiveCfg = Debug|Any CPU
		{B8009D5B-1F16-4A6F-8907-048586717D0A}.Debug|Any CPU.Build.0 = Debug|Any CPU
		{B8009D5B-1F16-4A6F-8907-048586717D0A}.Release|Any CPU.ActiveCfg = Release|Any CPU
		{B8009D5B-1F16-4A6F-8907-048586717D0A}.Release|Any CPU.Build.0 = Release|Any CPU
		{BB833003-32BF-495F-ADA7-C088697C75FF}.Debug|Any CPU.ActiveCfg = Debug|Any CPU
		{BB833003-32BF-495F-ADA7-C088697C75FF}.Debug|Any CPU.Build.0 = Debug|Any CPU
		{BB833003-32BF-495F-ADA7-C088697C75FF}.Release|Any CPU.ActiveCfg = Release|Any CPU
		{BB833003-32BF-495F-ADA7-C088697C75FF}.Release|Any CPU.Build.0 = Release|Any CPU
		{4228D393-293D-4B2C-B8DE-3219D0996C98}.Debug|Any CPU.ActiveCfg = Debug|Any CPU
		{4228D393-293D-4B2C-B8DE-3219D0996C98}.Debug|Any CPU.Build.0 = Debug|Any CPU
		{4228D393-293D-4B2C-B8DE-3219D0996C98}.Release|Any CPU.ActiveCfg = Release|Any CPU
		{4228D393-293D-4B2C-B8DE-3219D0996C98}.Release|Any CPU.Build.0 = Release|Any CPU
		{C103C173-0C41-421E-B4EE-FFE9A30AC8EB}.Debug|Any CPU.ActiveCfg = Debug|Any CPU
		{C103C173-0C41-421E-B4EE-FFE9A30AC8EB}.Debug|Any CPU.Build.0 = Debug|Any CPU
		{C103C173-0C41-421E-B4EE-FFE9A30AC8EB}.Release|Any CPU.ActiveCfg = Release|Any CPU
		{C103C173-0C41-421E-B4EE-FFE9A30AC8EB}.Release|Any CPU.Build.0 = Release|Any CPU
		{EB479730-67F9-497C-AB9F-6408EA924B78}.Debug|Any CPU.ActiveCfg = Debug|Any CPU
		{EB479730-67F9-497C-AB9F-6408EA924B78}.Debug|Any CPU.Build.0 = Debug|Any CPU
		{EB479730-67F9-497C-AB9F-6408EA924B78}.Release|Any CPU.ActiveCfg = Release|Any CPU
		{EB479730-67F9-497C-AB9F-6408EA924B78}.Release|Any CPU.Build.0 = Release|Any CPU
		{79F8538C-FCC4-491C-8FA1-FEA7134EBBE8}.Debug|Any CPU.ActiveCfg = Debug|Any CPU
		{79F8538C-FCC4-491C-8FA1-FEA7134EBBE8}.Debug|Any CPU.Build.0 = Debug|Any CPU
		{79F8538C-FCC4-491C-8FA1-FEA7134EBBE8}.Release|Any CPU.ActiveCfg = Release|Any CPU
		{79F8538C-FCC4-491C-8FA1-FEA7134EBBE8}.Release|Any CPU.Build.0 = Release|Any CPU
	EndGlobalSection
	GlobalSection(SolutionProperties) = preSolution
		HideSolutionNode = FALSE
	EndGlobalSection
	GlobalSection(NestedProjects) = preSolution
		{50824212-8163-435C-AF7A-ED1E74066BBD} = {02EA681E-C7D8-13C7-8484-4AC65E1B71E8}
		{71C6E283-086D-4B27-AAC2-3611DDA14190} = {02EA681E-C7D8-13C7-8484-4AC65E1B71E8}
		{DAD44FE8-C81F-432A-90A6-2604DF23ADD6} = {02EA681E-C7D8-13C7-8484-4AC65E1B71E8}
		{0D0DA210-4E93-49E5-A858-421D7C46D8CF} = {51E2CDC7-63DB-4738-871A-3B7920BCA725}
		{32DB09C8-D9B8-4A01-8A76-9C17F5585BBB} = {51E2CDC7-63DB-4738-871A-3B7920BCA725}
		{EDCDCEAB-BFDB-4CA8-8732-B101E438A704} = {51E2CDC7-63DB-4738-871A-3B7920BCA725}
		{51D06C10-C3E7-4FD0-A76A-F542612E819A} = {42AC6CBC-A49E-43A9-8BE0-2D628239A1FF}
		{3F6C1D5A-B3E2-4E83-908F-A2CA6AB9F916} = {42AC6CBC-A49E-43A9-8BE0-2D628239A1FF}
		{A7F1F808-093E-40C0-8FB2-2C7FA66200E3} = {42AC6CBC-A49E-43A9-8BE0-2D628239A1FF}
		{22AB6100-9D54-4811-8590-5A5E4027F65D} = {9467840B-25FC-4BED-9D42-E0C8AB7B8F92}
		{1F3BA934-5A91-4440-9448-C5FB285BDCC7} = {9467840B-25FC-4BED-9D42-E0C8AB7B8F92}
		{06833991-4627-4AB5-BF54-47A78552B52F} = {9467840B-25FC-4BED-9D42-E0C8AB7B8F92}
		{D93027B5-01CD-4341-AE1A-E27C5EA251A2} = {5FAD12A1-3527-4B19-822D-3783D5EA61CC}
		{BD867544-509C-457E-B3D5-0FAF3E58321C} = {5FAD12A1-3527-4B19-822D-3783D5EA61CC}
		{69A47B36-5766-42AA-AF39-CFC2168693F9} = {5FAD12A1-3527-4B19-822D-3783D5EA61CC}
		{CB6E33E4-49A7-4F85-AD38-3B641D23C826} = {FC8023F2-9A25-41C7-B62B-F40E57AD6383}
		{28EB2A53-36DC-4308-B4CC-129171A1F142} = {FC8023F2-9A25-41C7-B62B-F40E57AD6383}
		{CB6DB51F-253E-4614-BFF5-1D99EDBF57AD} = {FC8023F2-9A25-41C7-B62B-F40E57AD6383}
		{B8009D5B-1F16-4A6F-8907-048586717D0A} = {05187EFC-C561-434E-908B-F5CF7FADA2C8}
		{BB833003-32BF-495F-ADA7-C088697C75FF} = {05187EFC-C561-434E-908B-F5CF7FADA2C8}
		{4228D393-293D-4B2C-B8DE-3219D0996C98} = {05187EFC-C561-434E-908B-F5CF7FADA2C8}
		{C103C173-0C41-421E-B4EE-FFE9A30AC8EB} = {C71B178A-E68F-47D1-9BBC-9DFDF007D405}
		{EB479730-67F9-497C-AB9F-6408EA924B78} = {C71B178A-E68F-47D1-9BBC-9DFDF007D405}
		{79F8538C-FCC4-491C-8FA1-FEA7134EBBE8} = {C71B178A-E68F-47D1-9BBC-9DFDF007D405}
	EndGlobalSection
	GlobalSection(ExtensibilityGlobals) = postSolution
		SolutionGuid = {DB744DC8-4B89-4AF8-9454-4D5EEAE186FB}
	EndGlobalSection
EndGlobal
